
Microsoft Visual Studio Solution File, Format Version 12.00
# Visual Studio Version 17
VisualStudioVersion = 17.9.34723.18
MinimumVisualStudioVersion = 10.0.40219.1
Project("{FAE04EC0-301F-11D3-BF4B-00C04F79EFBC}") = "ASP WebApp", "ASP WebApp\ASP WebApp.csproj", "{89ED3973-BE23-4A2B-BA41-460B3926E27D}"
EndProject
Global
	GlobalSection(SolutionConfigurationPlatforms) = preSolution
		Debug|Any CPU = Debug|Any CPU
		Release|Any CPU = Release|Any CPU
	EndGlobalSection
	GlobalSection(ProjectConfigurationPlatforms) = postSolution
		{89ED3973-BE23-4A2B-BA41-460B3926E27D}.Debug|Any CPU.ActiveCfg = Debug|Any CPU
		{89ED3973-BE23-4A2B-BA41-460B3926E27D}.Debug|Any CPU.Build.0 = Debug|Any CPU
		{89ED3973-BE23-4A2B-BA41-460B3926E27D}.Release|Any CPU.ActiveCfg = Release|Any CPU
		{89ED3973-BE23-4A2B-BA41-460B3926E27D}.Release|Any CPU.Build.0 = Release|Any CPU
	EndGlobalSection
	GlobalSection(SolutionProperties) = preSolution
		HideSolutionNode = FALSE
	EndGlobalSection
	GlobalSection(ExtensibilityGlobals) = postSolution
		SolutionGuid = {33647FFD-E0F1-4473-93B3-03898C5F9974}
	EndGlobalSection
EndGlobal
